// !$*UTF8*$!
{
	archiveVersion = 1;
	classes = {
	};
	objectVersion = 46;
	objects = {

/* Begin PBXBuildFile section */
		06044577E5D6ED6BFA57334A /* libPods-wiaTests.a in Frameworks */ = {isa = PBXBuildFile; fileRef = 3BBDBCE3A1C971EFDA876B56 /* libPods-wiaTests.a */; };
		7C86D154596FB8267514AF89 /* libPods-wia.a in Frameworks */ = {isa = PBXBuildFile; fileRef = 385D2C3083707B31E0653F56 /* libPods-wia.a */; };
		E13183BCCE102C14214D17FE /* libPods-wiaUITests.a in Frameworks */ = {isa = PBXBuildFile; fileRef = F39C99D367901380FF3EC8CD /* libPods-wiaUITests.a */; };
		ED515FEC1DDB488C005621D0 /* CloudKit.framework in Frameworks */ = {isa = PBXBuildFile; fileRef = ED515FEB1DDB488C005621D0 /* CloudKit.framework */; };
		ED515FF81DDB5F28005621D0 /* WIAFirstLaunchViewController.m in Sources */ = {isa = PBXBuildFile; fileRef = ED515FF71DDB5F28005621D0 /* WIAFirstLaunchViewController.m */; };
		ED828B7D1DDDB30F00B6BD25 /* WIATextFieldTableViewCell.m in Sources */ = {isa = PBXBuildFile; fileRef = ED828B7B1DDDB30F00B6BD25 /* WIATextFieldTableViewCell.m */; };
		ED828B7E1DDDB30F00B6BD25 /* WIATextFieldTableViewCell.xib in Resources */ = {isa = PBXBuildFile; fileRef = ED828B7C1DDDB30F00B6BD25 /* WIATextFieldTableViewCell.xib */; };
		ED828B841DDDC87600B6BD25 /* WIARatingTableViewCell.m in Sources */ = {isa = PBXBuildFile; fileRef = ED828B821DDDC87600B6BD25 /* WIARatingTableViewCell.m */; };
		ED828B851DDDC87600B6BD25 /* WIARatingTableViewCell.xib in Resources */ = {isa = PBXBuildFile; fileRef = ED828B831DDDC87600B6BD25 /* WIARatingTableViewCell.xib */; };
		ED828B8A1DDDF5FE00B6BD25 /* WIACollectionViewTableViewCell.m in Sources */ = {isa = PBXBuildFile; fileRef = ED828B881DDDF5FE00B6BD25 /* WIACollectionViewTableViewCell.m */; };
		ED828B8B1DDDF5FE00B6BD25 /* WIACollectionViewTableViewCell.xib in Resources */ = {isa = PBXBuildFile; fileRef = ED828B891DDDF5FE00B6BD25 /* WIACollectionViewTableViewCell.xib */; };
		ED828B901DDDF92900B6BD25 /* WIAImageCollectionViewCell.m in Sources */ = {isa = PBXBuildFile; fileRef = ED828B8E1DDDF92900B6BD25 /* WIAImageCollectionViewCell.m */; };
		ED828B911DDDF92900B6BD25 /* WIAImageCollectionViewCell.xib in Resources */ = {isa = PBXBuildFile; fileRef = ED828B8F1DDDF92900B6BD25 /* WIAImageCollectionViewCell.xib */; };
		ED91A8BA1DDC3BFE008D98E7 /* IMG_0102.mp4 in Resources */ = {isa = PBXBuildFile; fileRef = ED91A8B91DDC3BFE008D98E7 /* IMG_0102.mp4 */; };
		EDA121931DDECCD1004E4A11 /* WIATextViewTableViewCell.m in Sources */ = {isa = PBXBuildFile; fileRef = EDA121911DDECCD1004E4A11 /* WIATextViewTableViewCell.m */; };
		EDA121941DDECCD1004E4A11 /* WIATextViewTableViewCell.xib in Resources */ = {isa = PBXBuildFile; fileRef = EDA121921DDECCD1004E4A11 /* WIATextViewTableViewCell.xib */; };
		EDA121981DDED331004E4A11 /* WIAItemPickerController.m in Sources */ = {isa = PBXBuildFile; fileRef = EDA121971DDED331004E4A11 /* WIAItemPickerController.m */; };
		EDA1219D1DDED85D004E4A11 /* WIASearchResultCollectionViewCell.m in Sources */ = {isa = PBXBuildFile; fileRef = EDA1219B1DDED85D004E4A11 /* WIASearchResultCollectionViewCell.m */; };
		EDA1219E1DDED85D004E4A11 /* WIASearchResultCollectionViewCell.xib in Resources */ = {isa = PBXBuildFile; fileRef = EDA1219C1DDED85D004E4A11 /* WIASearchResultCollectionViewCell.xib */; };
		EDA121A11DDEF5FC004E4A11 /* WIAManager.m in Sources */ = {isa = PBXBuildFile; fileRef = EDA121A01DDEF5FC004E4A11 /* WIAManager.m */; };
		EDB974D81DDC57DA00CB7AD1 /* WIAColor.m in Sources */ = {isa = PBXBuildFile; fileRef = EDB974D71DDC57DA00CB7AD1 /* WIAColor.m */; };
		EDB974DB1DDC5CD700CB7AD1 /* WIAPageContentViewController.m in Sources */ = {isa = PBXBuildFile; fileRef = EDB974DA1DDC5CD700CB7AD1 /* WIAPageContentViewController.m */; };
		EDB974DE1DDC73E700CB7AD1 /* WIANameViewController.m in Sources */ = {isa = PBXBuildFile; fileRef = EDB974DD1DDC73E700CB7AD1 /* WIANameViewController.m */; };
		EDB974E11DDC811A00CB7AD1 /* WIALocationViewController.m in Sources */ = {isa = PBXBuildFile; fileRef = EDB974E01DDC811A00CB7AD1 /* WIALocationViewController.m */; };
		EDB974E41DDCB5CD00CB7AD1 /* WIAAccountSetUpViewController.m in Sources */ = {isa = PBXBuildFile; fileRef = EDB974E31DDCB5CD00CB7AD1 /* WIAAccountSetUpViewController.m */; };
		EDEB3E561DDB1A84009A49F6 /* WIAAddAndReviewViewController.m in Sources */ = {isa = PBXBuildFile; fileRef = EDEB3E551DDB1A84009A49F6 /* WIAAddAndReviewViewController.m */; };
		EDF6D34C1DD968AE000CED9D /* main.m in Sources */ = {isa = PBXBuildFile; fileRef = EDF6D34B1DD968AE000CED9D /* main.m */; };
		EDF6D34F1DD968AE000CED9D /* AppDelegate.m in Sources */ = {isa = PBXBuildFile; fileRef = EDF6D34E1DD968AE000CED9D /* AppDelegate.m */; };
		EDF6D3521DD968AE000CED9D /* FirstViewController.m in Sources */ = {isa = PBXBuildFile; fileRef = EDF6D3511DD968AE000CED9D /* FirstViewController.m */; };
		EDF6D3551DD968AE000CED9D /* SecondViewController.m in Sources */ = {isa = PBXBuildFile; fileRef = EDF6D3541DD968AE000CED9D /* SecondViewController.m */; };
		EDF6D3581DD968AE000CED9D /* Main.storyboard in Resources */ = {isa = PBXBuildFile; fileRef = EDF6D3561DD968AE000CED9D /* Main.storyboard */; };
		EDF6D35A1DD968AE000CED9D /* Assets.xcassets in Resources */ = {isa = PBXBuildFile; fileRef = EDF6D3591DD968AE000CED9D /* Assets.xcassets */; };
		EDF6D35D1DD968AE000CED9D /* LaunchScreen.storyboard in Resources */ = {isa = PBXBuildFile; fileRef = EDF6D35B1DD968AE000CED9D /* LaunchScreen.storyboard */; };
		EDF6D3681DD968AE000CED9D /* wiaTests.m in Sources */ = {isa = PBXBuildFile; fileRef = EDF6D3671DD968AE000CED9D /* wiaTests.m */; };
		EDF6D3731DD968AE000CED9D /* wiaUITests.m in Sources */ = {isa = PBXBuildFile; fileRef = EDF6D3721DD968AE000CED9D /* wiaUITests.m */; };
		EDF6D3A51DD97357000CED9D /* WIAImagePickerController.m in Sources */ = {isa = PBXBuildFile; fileRef = EDF6D3A41DD97357000CED9D /* WIAImagePickerController.m */; };
		EDF6D3A81DD9747E000CED9D /* UIViewController+WIAImagePickerController.m in Sources */ = {isa = PBXBuildFile; fileRef = EDF6D3A71DD9747E000CED9D /* UIViewController+WIAImagePickerController.m */; };
		EDF6D3AB1DD989A3000CED9D /* WIAImagePickerPreviewViewController.m in Sources */ = {isa = PBXBuildFile; fileRef = EDF6D3AA1DD989A3000CED9D /* WIAImagePickerPreviewViewController.m */; };
		EDF6D3AE1DD98B0B000CED9D /* WIAImagePickerCollectionViewCell.m in Sources */ = {isa = PBXBuildFile; fileRef = EDF6D3AD1DD98B0B000CED9D /* WIAImagePickerCollectionViewCell.m */; };
/* End PBXBuildFile section */

/* Begin PBXContainerItemProxy section */
		EDF6D3641DD968AE000CED9D /* PBXContainerItemProxy */ = {
			isa = PBXContainerItemProxy;
			containerPortal = EDF6D33F1DD968AE000CED9D /* Project object */;
			proxyType = 1;
			remoteGlobalIDString = EDF6D3461DD968AE000CED9D;
			remoteInfo = wia;
		};
		EDF6D36F1DD968AE000CED9D /* PBXContainerItemProxy */ = {
			isa = PBXContainerItemProxy;
			containerPortal = EDF6D33F1DD968AE000CED9D /* Project object */;
			proxyType = 1;
			remoteGlobalIDString = EDF6D3461DD968AE000CED9D;
			remoteInfo = wia;
		};
/* End PBXContainerItemProxy section */

/* Begin PBXFileReference section */
		3264C65D0A98F48D049E4D00 /* Pods-wiaTests.debug.xcconfig */ = {isa = PBXFileReference; includeInIndex = 1; lastKnownFileType = text.xcconfig; name = "Pods-wiaTests.debug.xcconfig"; path = "Pods/Target Support Files/Pods-wiaTests/Pods-wiaTests.debug.xcconfig"; sourceTree = "<group>"; };
		385D2C3083707B31E0653F56 /* libPods-wia.a */ = {isa = PBXFileReference; explicitFileType = archive.ar; includeInIndex = 0; path = "libPods-wia.a"; sourceTree = BUILT_PRODUCTS_DIR; };
		3BBDBCE3A1C971EFDA876B56 /* libPods-wiaTests.a */ = {isa = PBXFileReference; explicitFileType = archive.ar; includeInIndex = 0; path = "libPods-wiaTests.a"; sourceTree = BUILT_PRODUCTS_DIR; };
		80006633B2FCF128A537FC59 /* Pods-wia.release.xcconfig */ = {isa = PBXFileReference; includeInIndex = 1; lastKnownFileType = text.xcconfig; name = "Pods-wia.release.xcconfig"; path = "Pods/Target Support Files/Pods-wia/Pods-wia.release.xcconfig"; sourceTree = "<group>"; };
		A2EEFA28FC8D92FCEDD145D0 /* Pods-wiaUITests.debug.xcconfig */ = {isa = PBXFileReference; includeInIndex = 1; lastKnownFileType = text.xcconfig; name = "Pods-wiaUITests.debug.xcconfig"; path = "Pods/Target Support Files/Pods-wiaUITests/Pods-wiaUITests.debug.xcconfig"; sourceTree = "<group>"; };
		CB24C4B6B70D071F4F5DFAD6 /* Pods-wia.debug.xcconfig */ = {isa = PBXFileReference; includeInIndex = 1; lastKnownFileType = text.xcconfig; name = "Pods-wia.debug.xcconfig"; path = "Pods/Target Support Files/Pods-wia/Pods-wia.debug.xcconfig"; sourceTree = "<group>"; };
		D3D38947710EFE240E2A6D23 /* Pods-wiaUITests.release.xcconfig */ = {isa = PBXFileReference; includeInIndex = 1; lastKnownFileType = text.xcconfig; name = "Pods-wiaUITests.release.xcconfig"; path = "Pods/Target Support Files/Pods-wiaUITests/Pods-wiaUITests.release.xcconfig"; sourceTree = "<group>"; };
		E9A4764B5EDBE335C69733A7 /* Pods-wiaTests.release.xcconfig */ = {isa = PBXFileReference; includeInIndex = 1; lastKnownFileType = text.xcconfig; name = "Pods-wiaTests.release.xcconfig"; path = "Pods/Target Support Files/Pods-wiaTests/Pods-wiaTests.release.xcconfig"; sourceTree = "<group>"; };
		ED515FEA1DDB487D005621D0 /* wia.entitlements */ = {isa = PBXFileReference; lastKnownFileType = text.plist.entitlements; path = wia.entitlements; sourceTree = "<group>"; };
		ED515FEB1DDB488C005621D0 /* CloudKit.framework */ = {isa = PBXFileReference; lastKnownFileType = wrapper.framework; name = CloudKit.framework; path = System/Library/Frameworks/CloudKit.framework; sourceTree = SDKROOT; };
		ED515FF61DDB5F28005621D0 /* WIAFirstLaunchViewController.h */ = {isa = PBXFileReference; fileEncoding = 4; lastKnownFileType = sourcecode.c.h; path = WIAFirstLaunchViewController.h; sourceTree = "<group>"; };
		ED515FF71DDB5F28005621D0 /* WIAFirstLaunchViewController.m */ = {isa = PBXFileReference; fileEncoding = 4; lastKnownFileType = sourcecode.c.objc; path = WIAFirstLaunchViewController.m; sourceTree = "<group>"; };
		ED828B7A1DDDB30F00B6BD25 /* WIATextFieldTableViewCell.h */ = {isa = PBXFileReference; fileEncoding = 4; lastKnownFileType = sourcecode.c.h; path = WIATextFieldTableViewCell.h; sourceTree = "<group>"; };
		ED828B7B1DDDB30F00B6BD25 /* WIATextFieldTableViewCell.m */ = {isa = PBXFileReference; fileEncoding = 4; lastKnownFileType = sourcecode.c.objc; path = WIATextFieldTableViewCell.m; sourceTree = "<group>"; };
		ED828B7C1DDDB30F00B6BD25 /* WIATextFieldTableViewCell.xib */ = {isa = PBXFileReference; fileEncoding = 4; lastKnownFileType = file.xib; path = WIATextFieldTableViewCell.xib; sourceTree = "<group>"; };
		ED828B811DDDC87600B6BD25 /* WIARatingTableViewCell.h */ = {isa = PBXFileReference; fileEncoding = 4; lastKnownFileType = sourcecode.c.h; path = WIARatingTableViewCell.h; sourceTree = "<group>"; };
		ED828B821DDDC87600B6BD25 /* WIARatingTableViewCell.m */ = {isa = PBXFileReference; fileEncoding = 4; lastKnownFileType = sourcecode.c.objc; path = WIARatingTableViewCell.m; sourceTree = "<group>"; };
		ED828B831DDDC87600B6BD25 /* WIARatingTableViewCell.xib */ = {isa = PBXFileReference; fileEncoding = 4; lastKnownFileType = file.xib; path = WIARatingTableViewCell.xib; sourceTree = "<group>"; };
		ED828B871DDDF5FE00B6BD25 /* WIACollectionViewTableViewCell.h */ = {isa = PBXFileReference; fileEncoding = 4; lastKnownFileType = sourcecode.c.h; path = WIACollectionViewTableViewCell.h; sourceTree = "<group>"; };
		ED828B881DDDF5FE00B6BD25 /* WIACollectionViewTableViewCell.m */ = {isa = PBXFileReference; fileEncoding = 4; lastKnownFileType = sourcecode.c.objc; path = WIACollectionViewTableViewCell.m; sourceTree = "<group>"; };
		ED828B891DDDF5FE00B6BD25 /* WIACollectionViewTableViewCell.xib */ = {isa = PBXFileReference; fileEncoding = 4; lastKnownFileType = file.xib; path = WIACollectionViewTableViewCell.xib; sourceTree = "<group>"; };
		ED828B8D1DDDF92900B6BD25 /* WIAImageCollectionViewCell.h */ = {isa = PBXFileReference; fileEncoding = 4; lastKnownFileType = sourcecode.c.h; path = WIAImageCollectionViewCell.h; sourceTree = "<group>"; };
		ED828B8E1DDDF92900B6BD25 /* WIAImageCollectionViewCell.m */ = {isa = PBXFileReference; fileEncoding = 4; lastKnownFileType = sourcecode.c.objc; path = WIAImageCollectionViewCell.m; sourceTree = "<group>"; };
		ED828B8F1DDDF92900B6BD25 /* WIAImageCollectionViewCell.xib */ = {isa = PBXFileReference; fileEncoding = 4; lastKnownFileType = file.xib; path = WIAImageCollectionViewCell.xib; sourceTree = "<group>"; };
		ED91A8B91DDC3BFE008D98E7 /* IMG_0102.mp4 */ = {isa = PBXFileReference; lastKnownFileType = file; path = IMG_0102.mp4; sourceTree = "<group>"; };
		EDA121901DDECCD1004E4A11 /* WIATextViewTableViewCell.h */ = {isa = PBXFileReference; fileEncoding = 4; lastKnownFileType = sourcecode.c.h; path = WIATextViewTableViewCell.h; sourceTree = "<group>"; };
		EDA121911DDECCD1004E4A11 /* WIATextViewTableViewCell.m */ = {isa = PBXFileReference; fileEncoding = 4; lastKnownFileType = sourcecode.c.objc; path = WIATextViewTableViewCell.m; sourceTree = "<group>"; };
		EDA121921DDECCD1004E4A11 /* WIATextViewTableViewCell.xib */ = {isa = PBXFileReference; fileEncoding = 4; lastKnownFileType = file.xib; path = WIATextViewTableViewCell.xib; sourceTree = "<group>"; };
		EDA121961DDED331004E4A11 /* WIAItemPickerController.h */ = {isa = PBXFileReference; fileEncoding = 4; lastKnownFileType = sourcecode.c.h; path = WIAItemPickerController.h; sourceTree = "<group>"; };
		EDA121971DDED331004E4A11 /* WIAItemPickerController.m */ = {isa = PBXFileReference; fileEncoding = 4; lastKnownFileType = sourcecode.c.objc; path = WIAItemPickerController.m; sourceTree = "<group>"; };
		EDA1219A1DDED85D004E4A11 /* WIASearchResultCollectionViewCell.h */ = {isa = PBXFileReference; fileEncoding = 4; lastKnownFileType = sourcecode.c.h; path = WIASearchResultCollectionViewCell.h; sourceTree = "<group>"; };
		EDA1219B1DDED85D004E4A11 /* WIASearchResultCollectionViewCell.m */ = {isa = PBXFileReference; fileEncoding = 4; lastKnownFileType = sourcecode.c.objc; path = WIASearchResultCollectionViewCell.m; sourceTree = "<group>"; };
		EDA1219C1DDED85D004E4A11 /* WIASearchResultCollectionViewCell.xib */ = {isa = PBXFileReference; fileEncoding = 4; lastKnownFileType = file.xib; path = WIASearchResultCollectionViewCell.xib; sourceTree = "<group>"; };
		EDA1219F1DDEF5FC004E4A11 /* WIAManager.h */ = {isa = PBXFileReference; fileEncoding = 4; lastKnownFileType = sourcecode.c.h; path = WIAManager.h; sourceTree = "<group>"; };
		EDA121A01DDEF5FC004E4A11 /* WIAManager.m */ = {isa = PBXFileReference; fileEncoding = 4; lastKnownFileType = sourcecode.c.objc; path = WIAManager.m; sourceTree = "<group>"; };
		EDB974D61DDC57DA00CB7AD1 /* WIAColor.h */ = {isa = PBXFileReference; fileEncoding = 4; lastKnownFileType = sourcecode.c.h; path = WIAColor.h; sourceTree = "<group>"; };
		EDB974D71DDC57DA00CB7AD1 /* WIAColor.m */ = {isa = PBXFileReference; fileEncoding = 4; lastKnownFileType = sourcecode.c.objc; path = WIAColor.m; sourceTree = "<group>"; };
		EDB974D91DDC5CD700CB7AD1 /* WIAPageContentViewController.h */ = {isa = PBXFileReference; fileEncoding = 4; lastKnownFileType = sourcecode.c.h; path = WIAPageContentViewController.h; sourceTree = "<group>"; };
		EDB974DA1DDC5CD700CB7AD1 /* WIAPageContentViewController.m */ = {isa = PBXFileReference; fileEncoding = 4; lastKnownFileType = sourcecode.c.objc; path = WIAPageContentViewController.m; sourceTree = "<group>"; };
		EDB974DC1DDC73E700CB7AD1 /* WIANameViewController.h */ = {isa = PBXFileReference; fileEncoding = 4; lastKnownFileType = sourcecode.c.h; path = WIANameViewController.h; sourceTree = "<group>"; };
		EDB974DD1DDC73E700CB7AD1 /* WIANameViewController.m */ = {isa = PBXFileReference; fileEncoding = 4; lastKnownFileType = sourcecode.c.objc; path = WIANameViewController.m; sourceTree = "<group>"; };
		EDB974DF1DDC811A00CB7AD1 /* WIALocationViewController.h */ = {isa = PBXFileReference; fileEncoding = 4; lastKnownFileType = sourcecode.c.h; path = WIALocationViewController.h; sourceTree = "<group>"; };
		EDB974E01DDC811A00CB7AD1 /* WIALocationViewController.m */ = {isa = PBXFileReference; fileEncoding = 4; lastKnownFileType = sourcecode.c.objc; path = WIALocationViewController.m; sourceTree = "<group>"; };
		EDB974E21DDCB5CD00CB7AD1 /* WIAAccountSetUpViewController.h */ = {isa = PBXFileReference; fileEncoding = 4; lastKnownFileType = sourcecode.c.h; path = WIAAccountSetUpViewController.h; sourceTree = "<group>"; };
		EDB974E31DDCB5CD00CB7AD1 /* WIAAccountSetUpViewController.m */ = {isa = PBXFileReference; fileEncoding = 4; lastKnownFileType = sourcecode.c.objc; path = WIAAccountSetUpViewController.m; sourceTree = "<group>"; };
		EDEB3E541DDB1A84009A49F6 /* WIAAddAndReviewViewController.h */ = {isa = PBXFileReference; fileEncoding = 4; lastKnownFileType = sourcecode.c.h; path = WIAAddAndReviewViewController.h; sourceTree = "<group>"; };
		EDEB3E551DDB1A84009A49F6 /* WIAAddAndReviewViewController.m */ = {isa = PBXFileReference; fileEncoding = 4; lastKnownFileType = sourcecode.c.objc; path = WIAAddAndReviewViewController.m; sourceTree = "<group>"; };
		EDF6D3471DD968AE000CED9D /* wia.app */ = {isa = PBXFileReference; explicitFileType = wrapper.application; includeInIndex = 0; path = wia.app; sourceTree = BUILT_PRODUCTS_DIR; };
		EDF6D34B1DD968AE000CED9D /* main.m */ = {isa = PBXFileReference; lastKnownFileType = sourcecode.c.objc; path = main.m; sourceTree = "<group>"; };
		EDF6D34D1DD968AE000CED9D /* AppDelegate.h */ = {isa = PBXFileReference; lastKnownFileType = sourcecode.c.h; path = AppDelegate.h; sourceTree = "<group>"; };
		EDF6D34E1DD968AE000CED9D /* AppDelegate.m */ = {isa = PBXFileReference; lastKnownFileType = sourcecode.c.objc; path = AppDelegate.m; sourceTree = "<group>"; };
		EDF6D3501DD968AE000CED9D /* FirstViewController.h */ = {isa = PBXFileReference; lastKnownFileType = sourcecode.c.h; path = FirstViewController.h; sourceTree = "<group>"; };
		EDF6D3511DD968AE000CED9D /* FirstViewController.m */ = {isa = PBXFileReference; lastKnownFileType = sourcecode.c.objc; path = FirstViewController.m; sourceTree = "<group>"; };
		EDF6D3531DD968AE000CED9D /* SecondViewController.h */ = {isa = PBXFileReference; lastKnownFileType = sourcecode.c.h; path = SecondViewController.h; sourceTree = "<group>"; };
		EDF6D3541DD968AE000CED9D /* SecondViewController.m */ = {isa = PBXFileReference; lastKnownFileType = sourcecode.c.objc; path = SecondViewController.m; sourceTree = "<group>"; };
		EDF6D3571DD968AE000CED9D /* Base */ = {isa = PBXFileReference; lastKnownFileType = file.storyboard; name = Base; path = Base.lproj/Main.storyboard; sourceTree = "<group>"; };
		EDF6D3591DD968AE000CED9D /* Assets.xcassets */ = {isa = PBXFileReference; lastKnownFileType = folder.assetcatalog; path = Assets.xcassets; sourceTree = "<group>"; };
		EDF6D35C1DD968AE000CED9D /* Base */ = {isa = PBXFileReference; lastKnownFileType = file.storyboard; name = Base; path = Base.lproj/LaunchScreen.storyboard; sourceTree = "<group>"; };
		EDF6D35E1DD968AE000CED9D /* Info.plist */ = {isa = PBXFileReference; lastKnownFileType = text.plist.xml; path = Info.plist; sourceTree = "<group>"; };
		EDF6D3631DD968AE000CED9D /* wiaTests.xctest */ = {isa = PBXFileReference; explicitFileType = wrapper.cfbundle; includeInIndex = 0; path = wiaTests.xctest; sourceTree = BUILT_PRODUCTS_DIR; };
		EDF6D3671DD968AE000CED9D /* wiaTests.m */ = {isa = PBXFileReference; lastKnownFileType = sourcecode.c.objc; path = wiaTests.m; sourceTree = "<group>"; };
		EDF6D3691DD968AE000CED9D /* Info.plist */ = {isa = PBXFileReference; lastKnownFileType = text.plist.xml; path = Info.plist; sourceTree = "<group>"; };
		EDF6D36E1DD968AE000CED9D /* wiaUITests.xctest */ = {isa = PBXFileReference; explicitFileType = wrapper.cfbundle; includeInIndex = 0; path = wiaUITests.xctest; sourceTree = BUILT_PRODUCTS_DIR; };
		EDF6D3721DD968AE000CED9D /* wiaUITests.m */ = {isa = PBXFileReference; lastKnownFileType = sourcecode.c.objc; path = wiaUITests.m; sourceTree = "<group>"; };
		EDF6D3741DD968AE000CED9D /* Info.plist */ = {isa = PBXFileReference; lastKnownFileType = text.plist.xml; path = Info.plist; sourceTree = "<group>"; };
		EDF6D3A31DD97357000CED9D /* WIAImagePickerController.h */ = {isa = PBXFileReference; fileEncoding = 4; lastKnownFileType = sourcecode.c.h; path = WIAImagePickerController.h; sourceTree = "<group>"; };
		EDF6D3A41DD97357000CED9D /* WIAImagePickerController.m */ = {isa = PBXFileReference; fileEncoding = 4; lastKnownFileType = sourcecode.c.objc; path = WIAImagePickerController.m; sourceTree = "<group>"; };
		EDF6D3A61DD9747E000CED9D /* UIViewController+WIAImagePickerController.h */ = {isa = PBXFileReference; fileEncoding = 4; lastKnownFileType = sourcecode.c.h; path = "UIViewController+WIAImagePickerController.h"; sourceTree = "<group>"; };
		EDF6D3A71DD9747E000CED9D /* UIViewController+WIAImagePickerController.m */ = {isa = PBXFileReference; fileEncoding = 4; lastKnownFileType = sourcecode.c.objc; path = "UIViewController+WIAImagePickerController.m"; sourceTree = "<group>"; };
		EDF6D3A91DD989A3000CED9D /* WIAImagePickerPreviewViewController.h */ = {isa = PBXFileReference; fileEncoding = 4; lastKnownFileType = sourcecode.c.h; path = WIAImagePickerPreviewViewController.h; sourceTree = "<group>"; };
		EDF6D3AA1DD989A3000CED9D /* WIAImagePickerPreviewViewController.m */ = {isa = PBXFileReference; fileEncoding = 4; lastKnownFileType = sourcecode.c.objc; path = WIAImagePickerPreviewViewController.m; sourceTree = "<group>"; };
		EDF6D3AC1DD98B0B000CED9D /* WIAImagePickerCollectionViewCell.h */ = {isa = PBXFileReference; fileEncoding = 4; lastKnownFileType = sourcecode.c.h; path = WIAImagePickerCollectionViewCell.h; sourceTree = "<group>"; };
		EDF6D3AD1DD98B0B000CED9D /* WIAImagePickerCollectionViewCell.m */ = {isa = PBXFileReference; fileEncoding = 4; lastKnownFileType = sourcecode.c.objc; path = WIAImagePickerCollectionViewCell.m; sourceTree = "<group>"; };
		F39C99D367901380FF3EC8CD /* libPods-wiaUITests.a */ = {isa = PBXFileReference; explicitFileType = archive.ar; includeInIndex = 0; path = "libPods-wiaUITests.a"; sourceTree = BUILT_PRODUCTS_DIR; };
/* End PBXFileReference section */

/* Begin PBXFrameworksBuildPhase section */
		EDF6D3441DD968AE000CED9D /* Frameworks */ = {
			isa = PBXFrameworksBuildPhase;
			buildActionMask = 2147483647;
			files = (
				7C86D154596FB8267514AF89 /* libPods-wia.a in Frameworks */,
				ED515FEC1DDB488C005621D0 /* CloudKit.framework in Frameworks */,
			);
			runOnlyForDeploymentPostprocessing = 0;
		};
		EDF6D3601DD968AE000CED9D /* Frameworks */ = {
			isa = PBXFrameworksBuildPhase;
			buildActionMask = 2147483647;
			files = (
				06044577E5D6ED6BFA57334A /* libPods-wiaTests.a in Frameworks */,
			);
			runOnlyForDeploymentPostprocessing = 0;
		};
		EDF6D36B1DD968AE000CED9D /* Frameworks */ = {
			isa = PBXFrameworksBuildPhase;
			buildActionMask = 2147483647;
			files = (
				E13183BCCE102C14214D17FE /* libPods-wiaUITests.a in Frameworks */,
			);
			runOnlyForDeploymentPostprocessing = 0;
		};
/* End PBXFrameworksBuildPhase section */

/* Begin PBXGroup section */
		DC4DB55599CD8F72AFD59881 /* Frameworks */ = {
			isa = PBXGroup;
			children = (
				ED515FEB1DDB488C005621D0 /* CloudKit.framework */,
				385D2C3083707B31E0653F56 /* libPods-wia.a */,
				3BBDBCE3A1C971EFDA876B56 /* libPods-wiaTests.a */,
				F39C99D367901380FF3EC8CD /* libPods-wiaUITests.a */,
			);
			name = Frameworks;
			sourceTree = "<group>";
		};
		ED515FED1DDB5E65005621D0 /* Tab bar */ = {
			isa = PBXGroup;
			children = (
				ED515FEE1DDB5E7B005621D0 /* Nearby */,
				ED515FEF1DDB5E84005621D0 /* Second */,
			);
			name = "Tab bar";
			sourceTree = "<group>";
		};
		ED515FEE1DDB5E7B005621D0 /* Nearby */ = {
			isa = PBXGroup;
			children = (
				EDF6D3501DD968AE000CED9D /* FirstViewController.h */,
				EDF6D3511DD968AE000CED9D /* FirstViewController.m */,
				ED515FF01DDB5E93005621D0 /* Add */,
			);
			name = Nearby;
			sourceTree = "<group>";
		};
		ED515FEF1DDB5E84005621D0 /* Second */ = {
			isa = PBXGroup;
			children = (
				EDF6D3531DD968AE000CED9D /* SecondViewController.h */,
				EDF6D3541DD968AE000CED9D /* SecondViewController.m */,
			);
			name = Second;
			sourceTree = "<group>";
		};
		ED515FF01DDB5E93005621D0 /* Add */ = {
			isa = PBXGroup;
			children = (
				EDEB3E541DDB1A84009A49F6 /* WIAAddAndReviewViewController.h */,
				EDEB3E551DDB1A84009A49F6 /* WIAAddAndReviewViewController.m */,
				EDA121991DDED837004E4A11 /* CollectionView cell */,
				EDA121951DDED2B5004E4A11 /* Item picker */,
				ED828B791DDDB2DC00B6BD25 /* TableView cell */,
			);
			name = Add;
			sourceTree = "<group>";
		};
		ED515FF11DDB5EB5005621D0 /* Image picker */ = {
			isa = PBXGroup;
			children = (
				EDF6D3A31DD97357000CED9D /* WIAImagePickerController.h */,
				EDF6D3A41DD97357000CED9D /* WIAImagePickerController.m */,
				ED515FF21DDB5EC2005621D0 /* CollectionView cell */,
				ED515FF31DDB5EDA005621D0 /* Image preview */,
				ED515FF41DDB5EE4005621D0 /* Helper */,
			);
			name = "Image picker";
			sourceTree = "<group>";
		};
		ED515FF21DDB5EC2005621D0 /* CollectionView cell */ = {
			isa = PBXGroup;
			children = (
				EDF6D3AC1DD98B0B000CED9D /* WIAImagePickerCollectionViewCell.h */,
				EDF6D3AD1DD98B0B000CED9D /* WIAImagePickerCollectionViewCell.m */,
			);
			name = "CollectionView cell";
			sourceTree = "<group>";
		};
		ED515FF31DDB5EDA005621D0 /* Image preview */ = {
			isa = PBXGroup;
			children = (
				EDF6D3A91DD989A3000CED9D /* WIAImagePickerPreviewViewController.h */,
				EDF6D3AA1DD989A3000CED9D /* WIAImagePickerPreviewViewController.m */,
			);
			name = "Image preview";
			sourceTree = "<group>";
		};
		ED515FF41DDB5EE4005621D0 /* Helper */ = {
			isa = PBXGroup;
			children = (
				EDF6D3A61DD9747E000CED9D /* UIViewController+WIAImagePickerController.h */,
				EDF6D3A71DD9747E000CED9D /* UIViewController+WIAImagePickerController.m */,
			);
			name = Helper;
			sourceTree = "<group>";
		};
		ED515FF51DDB5F0E005621D0 /* First launch */ = {
			isa = PBXGroup;
			children = (
				ED515FF61DDB5F28005621D0 /* WIAFirstLaunchViewController.h */,
				ED515FF71DDB5F28005621D0 /* WIAFirstLaunchViewController.m */,
				EDB974D91DDC5CD700CB7AD1 /* WIAPageContentViewController.h */,
				EDB974DA1DDC5CD700CB7AD1 /* WIAPageContentViewController.m */,
				EDB974DC1DDC73E700CB7AD1 /* WIANameViewController.h */,
				EDB974DD1DDC73E700CB7AD1 /* WIANameViewController.m */,
				EDB974DF1DDC811A00CB7AD1 /* WIALocationViewController.h */,
				EDB974E01DDC811A00CB7AD1 /* WIALocationViewController.m */,
				EDB974E21DDCB5CD00CB7AD1 /* WIAAccountSetUpViewController.h */,
				EDB974E31DDCB5CD00CB7AD1 /* WIAAccountSetUpViewController.m */,
			);
			name = "First launch";
			sourceTree = "<group>";
		};
		ED828B791DDDB2DC00B6BD25 /* TableView cell */ = {
			isa = PBXGroup;
			children = (
				EDA1218F1DDECCB1004E4A11 /* TextView cell */,
				ED828B861DDDF5D700B6BD25 /* CollectionView cell */,
				ED828B801DDDC86100B6BD25 /* Rating Cell */,
				ED828B7F1DDDC85500B6BD25 /* TextField cell */,
			);
			name = "TableView cell";
			sourceTree = "<group>";
		};
		ED828B7F1DDDC85500B6BD25 /* TextField cell */ = {
			isa = PBXGroup;
			children = (
				ED828B7A1DDDB30F00B6BD25 /* WIATextFieldTableViewCell.h */,
				ED828B7B1DDDB30F00B6BD25 /* WIATextFieldTableViewCell.m */,
				ED828B7C1DDDB30F00B6BD25 /* WIATextFieldTableViewCell.xib */,
			);
			name = "TextField cell";
			sourceTree = "<group>";
		};
		ED828B801DDDC86100B6BD25 /* Rating Cell */ = {
			isa = PBXGroup;
			children = (
				ED828B811DDDC87600B6BD25 /* WIARatingTableViewCell.h */,
				ED828B821DDDC87600B6BD25 /* WIARatingTableViewCell.m */,
				ED828B831DDDC87600B6BD25 /* WIARatingTableViewCell.xib */,
			);
			name = "Rating Cell";
			sourceTree = "<group>";
		};
		ED828B861DDDF5D700B6BD25 /* CollectionView cell */ = {
			isa = PBXGroup;
			children = (
				ED828B871DDDF5FE00B6BD25 /* WIACollectionViewTableViewCell.h */,
				ED828B881DDDF5FE00B6BD25 /* WIACollectionViewTableViewCell.m */,
				ED828B891DDDF5FE00B6BD25 /* WIACollectionViewTableViewCell.xib */,
				ED828B8C1DDDF90D00B6BD25 /* CollectionView cell */,
			);
			name = "CollectionView cell";
			sourceTree = "<group>";
		};
		ED828B8C1DDDF90D00B6BD25 /* CollectionView cell */ = {
			isa = PBXGroup;
			children = (
				ED828B8D1DDDF92900B6BD25 /* WIAImageCollectionViewCell.h */,
				ED828B8E1DDDF92900B6BD25 /* WIAImageCollectionViewCell.m */,
				ED828B8F1DDDF92900B6BD25 /* WIAImageCollectionViewCell.xib */,
			);
			name = "CollectionView cell";
			sourceTree = "<group>";
		};
		EDA1218F1DDECCB1004E4A11 /* TextView cell */ = {
			isa = PBXGroup;
			children = (
				EDA121901DDECCD1004E4A11 /* WIATextViewTableViewCell.h */,
				EDA121911DDECCD1004E4A11 /* WIATextViewTableViewCell.m */,
				EDA121921DDECCD1004E4A11 /* WIATextViewTableViewCell.xib */,
			);
			name = "TextView cell";
			sourceTree = "<group>";
		};
		EDA121951DDED2B5004E4A11 /* Item picker */ = {
			isa = PBXGroup;
			children = (
				EDA121961DDED331004E4A11 /* WIAItemPickerController.h */,
				EDA121971DDED331004E4A11 /* WIAItemPickerController.m */,
			);
			name = "Item picker";
			sourceTree = "<group>";
		};
		EDA121991DDED837004E4A11 /* CollectionView cell */ = {
			isa = PBXGroup;
			children = (
				EDA1219A1DDED85D004E4A11 /* WIASearchResultCollectionViewCell.h */,
				EDA1219B1DDED85D004E4A11 /* WIASearchResultCollectionViewCell.m */,
				EDA1219C1DDED85D004E4A11 /* WIASearchResultCollectionViewCell.xib */,
			);
			name = "CollectionView cell";
			sourceTree = "<group>";
		};
		EDB974D51DDC57C400CB7AD1 /* Color */ = {
			isa = PBXGroup;
			children = (
				EDB974D61DDC57DA00CB7AD1 /* WIAColor.h */,
				EDB974D71DDC57DA00CB7AD1 /* WIAColor.m */,
			);
			name = Color;
			sourceTree = "<group>";
		};
		EDF6D33E1DD968AE000CED9D = {
			isa = PBXGroup;
			children = (
				EDF6D3491DD968AE000CED9D /* wia */,
				EDF6D3661DD968AE000CED9D /* wiaTests */,
				EDF6D3711DD968AE000CED9D /* wiaUITests */,
				EDF6D3481DD968AE000CED9D /* Products */,
				EEB1F6E53C29A4A9DC5C05E7 /* Pods */,
				DC4DB55599CD8F72AFD59881 /* Frameworks */,
			);
			sourceTree = "<group>";
		};
		EDF6D3481DD968AE000CED9D /* Products */ = {
			isa = PBXGroup;
			children = (
				EDF6D3471DD968AE000CED9D /* wia.app */,
				EDF6D3631DD968AE000CED9D /* wiaTests.xctest */,
				EDF6D36E1DD968AE000CED9D /* wiaUITests.xctest */,
			);
			name = Products;
			sourceTree = "<group>";
		};
		EDF6D3491DD968AE000CED9D /* wia */ = {
			isa = PBXGroup;
			children = (
				ED515FEA1DDB487D005621D0 /* wia.entitlements */,
				EDF6D34D1DD968AE000CED9D /* AppDelegate.h */,
				EDF6D34E1DD968AE000CED9D /* AppDelegate.m */,
				EDA1219F1DDEF5FC004E4A11 /* WIAManager.h */,
				EDA121A01DDEF5FC004E4A11 /* WIAManager.m */,
				EDB974D51DDC57C400CB7AD1 /* Color */,
				ED515FF51DDB5F0E005621D0 /* First launch */,
				ED515FED1DDB5E65005621D0 /* Tab bar */,
				ED515FF11DDB5EB5005621D0 /* Image picker */,
				EDF6D3561DD968AE000CED9D /* Main.storyboard */,
				EDF6D3591DD968AE000CED9D /* Assets.xcassets */,
				EDF6D35B1DD968AE000CED9D /* LaunchScreen.storyboard */,
				EDF6D35E1DD968AE000CED9D /* Info.plist */,
				ED91A8B91DDC3BFE008D98E7 /* IMG_0102.mp4 */,
				EDF6D34A1DD968AE000CED9D /* Supporting Files */,
			);
			path = wia;
			sourceTree = "<group>";
		};
		EDF6D34A1DD968AE000CED9D /* Supporting Files */ = {
			isa = PBXGroup;
			children = (
				EDF6D34B1DD968AE000CED9D /* main.m */,
			);
			name = "Supporting Files";
			sourceTree = "<group>";
		};
		EDF6D3661DD968AE000CED9D /* wiaTests */ = {
			isa = PBXGroup;
			children = (
				EDF6D3671DD968AE000CED9D /* wiaTests.m */,
				EDF6D3691DD968AE000CED9D /* Info.plist */,
			);
			path = wiaTests;
			sourceTree = "<group>";
		};
		EDF6D3711DD968AE000CED9D /* wiaUITests */ = {
			isa = PBXGroup;
			children = (
				EDF6D3721DD968AE000CED9D /* wiaUITests.m */,
				EDF6D3741DD968AE000CED9D /* Info.plist */,
			);
			path = wiaUITests;
			sourceTree = "<group>";
		};
		EEB1F6E53C29A4A9DC5C05E7 /* Pods */ = {
			isa = PBXGroup;
			children = (
				CB24C4B6B70D071F4F5DFAD6 /* Pods-wia.debug.xcconfig */,
				80006633B2FCF128A537FC59 /* Pods-wia.release.xcconfig */,
				3264C65D0A98F48D049E4D00 /* Pods-wiaTests.debug.xcconfig */,
				E9A4764B5EDBE335C69733A7 /* Pods-wiaTests.release.xcconfig */,
				A2EEFA28FC8D92FCEDD145D0 /* Pods-wiaUITests.debug.xcconfig */,
				D3D38947710EFE240E2A6D23 /* Pods-wiaUITests.release.xcconfig */,
			);
			name = Pods;
			sourceTree = "<group>";
		};
/* End PBXGroup section */

/* Begin PBXNativeTarget section */
		EDF6D3461DD968AE000CED9D /* wia */ = {
			isa = PBXNativeTarget;
			buildConfigurationList = EDF6D3771DD968AE000CED9D /* Build configuration list for PBXNativeTarget "wia" */;
			buildPhases = (
				F4FB46F892A5A63DA14105E1 /* [CP] Check Pods Manifest.lock */,
				EDF6D3431DD968AE000CED9D /* Sources */,
				EDF6D3441DD968AE000CED9D /* Frameworks */,
				EDF6D3451DD968AE000CED9D /* Resources */,
				D943C32243DCE093E63BE497 /* [CP] Embed Pods Frameworks */,
				F62B71CFF98B51E1ABBAA5EC /* [CP] Copy Pods Resources */,
				EDEB3E571DDB2A98009A49F6 /* ShellScript */,
			);
			buildRules = (
			);
			dependencies = (
			);
			name = wia;
			productName = wia;
			productReference = EDF6D3471DD968AE000CED9D /* wia.app */;
			productType = "com.apple.product-type.application";
		};
		EDF6D3621DD968AE000CED9D /* wiaTests */ = {
			isa = PBXNativeTarget;
			buildConfigurationList = EDF6D37A1DD968AE000CED9D /* Build configuration list for PBXNativeTarget "wiaTests" */;
			buildPhases = (
				9EC5AFC00ED922E363501B03 /* [CP] Check Pods Manifest.lock */,
				EDF6D35F1DD968AE000CED9D /* Sources */,
				EDF6D3601DD968AE000CED9D /* Frameworks */,
				EDF6D3611DD968AE000CED9D /* Resources */,
				37227ADC66123457311FCB67 /* [CP] Embed Pods Frameworks */,
				6DB8C0518DB9546569AF9BB5 /* [CP] Copy Pods Resources */,
			);
			buildRules = (
			);
			dependencies = (
				EDF6D3651DD968AE000CED9D /* PBXTargetDependency */,
			);
			name = wiaTests;
			productName = wiaTests;
			productReference = EDF6D3631DD968AE000CED9D /* wiaTests.xctest */;
			productType = "com.apple.product-type.bundle.unit-test";
		};
		EDF6D36D1DD968AE000CED9D /* wiaUITests */ = {
			isa = PBXNativeTarget;
			buildConfigurationList = EDF6D37D1DD968AE000CED9D /* Build configuration list for PBXNativeTarget "wiaUITests" */;
			buildPhases = (
				AA6B340619E28149E8D8BD71 /* [CP] Check Pods Manifest.lock */,
				EDF6D36A1DD968AE000CED9D /* Sources */,
				EDF6D36B1DD968AE000CED9D /* Frameworks */,
				EDF6D36C1DD968AE000CED9D /* Resources */,
				7536D518B9827E1248D8A1DD /* [CP] Embed Pods Frameworks */,
				6ECBF2632CEAAC9D24BFFE05 /* [CP] Copy Pods Resources */,
			);
			buildRules = (
			);
			dependencies = (
				EDF6D3701DD968AE000CED9D /* PBXTargetDependency */,
			);
			name = wiaUITests;
			productName = wiaUITests;
			productReference = EDF6D36E1DD968AE000CED9D /* wiaUITests.xctest */;
			productType = "com.apple.product-type.bundle.ui-testing";
		};
/* End PBXNativeTarget section */

/* Begin PBXProject section */
		EDF6D33F1DD968AE000CED9D /* Project object */ = {
			isa = PBXProject;
			attributes = {
				CLASSPREFIX = WIA;
				LastUpgradeCheck = 0810;
				ORGANIZATIONNAME = "What I Ate";
				TargetAttributes = {
					EDF6D3461DD968AE000CED9D = {
						CreatedOnToolsVersion = 8.1;
						DevelopmentTeam = EDXP6Y48QS;
						ProvisioningStyle = Automatic;
						SystemCapabilities = {
							com.apple.Push = {
								enabled = 1;
							};
							com.apple.iCloud = {
								enabled = 1;
							};
						};
					};
					EDF6D3621DD968AE000CED9D = {
						CreatedOnToolsVersion = 8.1;
						DevelopmentTeam = EDXP6Y48QS;
						ProvisioningStyle = Automatic;
						TestTargetID = EDF6D3461DD968AE000CED9D;
					};
					EDF6D36D1DD968AE000CED9D = {
						CreatedOnToolsVersion = 8.1;
						DevelopmentTeam = EDXP6Y48QS;
						ProvisioningStyle = Automatic;
						TestTargetID = EDF6D3461DD968AE000CED9D;
					};
				};
			};
			buildConfigurationList = EDF6D3421DD968AE000CED9D /* Build configuration list for PBXProject "wia" */;
			compatibilityVersion = "Xcode 3.2";
			developmentRegion = English;
			hasScannedForEncodings = 0;
			knownRegions = (
				en,
				Base,
			);
			mainGroup = EDF6D33E1DD968AE000CED9D;
			productRefGroup = EDF6D3481DD968AE000CED9D /* Products */;
			projectDirPath = "";
			projectRoot = "";
			targets = (
				EDF6D3461DD968AE000CED9D /* wia */,
				EDF6D3621DD968AE000CED9D /* wiaTests */,
				EDF6D36D1DD968AE000CED9D /* wiaUITests */,
			);
		};
/* End PBXProject section */

/* Begin PBXResourcesBuildPhase section */
		EDF6D3451DD968AE000CED9D /* Resources */ = {
			isa = PBXResourcesBuildPhase;
			buildActionMask = 2147483647;
			files = (
				ED828B7E1DDDB30F00B6BD25 /* WIATextFieldTableViewCell.xib in Resources */,
				ED828B8B1DDDF5FE00B6BD25 /* WIACollectionViewTableViewCell.xib in Resources */,
				ED828B911DDDF92900B6BD25 /* WIAImageCollectionViewCell.xib in Resources */,
				EDA121941DDECCD1004E4A11 /* WIATextViewTableViewCell.xib in Resources */,
				EDF6D35D1DD968AE000CED9D /* LaunchScreen.storyboard in Resources */,
				ED828B851DDDC87600B6BD25 /* WIARatingTableViewCell.xib in Resources */,
				EDF6D35A1DD968AE000CED9D /* Assets.xcassets in Resources */,
				ED91A8BA1DDC3BFE008D98E7 /* IMG_0102.mp4 in Resources */,
				EDF6D3581DD968AE000CED9D /* Main.storyboard in Resources */,
				EDA1219E1DDED85D004E4A11 /* WIASearchResultCollectionViewCell.xib in Resources */,
			);
			runOnlyForDeploymentPostprocessing = 0;
		};
		EDF6D3611DD968AE000CED9D /* Resources */ = {
			isa = PBXResourcesBuildPhase;
			buildActionMask = 2147483647;
			files = (
			);
			runOnlyForDeploymentPostprocessing = 0;
		};
		EDF6D36C1DD968AE000CED9D /* Resources */ = {
			isa = PBXResourcesBuildPhase;
			buildActionMask = 2147483647;
			files = (
			);
			runOnlyForDeploymentPostprocessing = 0;
		};
/* End PBXResourcesBuildPhase section */

/* Begin PBXShellScriptBuildPhase section */
		37227ADC66123457311FCB67 /* [CP] Embed Pods Frameworks */ = {
			isa = PBXShellScriptBuildPhase;
			buildActionMask = 2147483647;
			files = (
			);
			inputPaths = (
			);
			name = "[CP] Embed Pods Frameworks";
			outputPaths = (
			);
			runOnlyForDeploymentPostprocessing = 0;
			shellPath = /bin/sh;
			shellScript = "\"${SRCROOT}/Pods/Target Support Files/Pods-wiaTests/Pods-wiaTests-frameworks.sh\"\n";
			showEnvVarsInLog = 0;
		};
		6DB8C0518DB9546569AF9BB5 /* [CP] Copy Pods Resources */ = {
			isa = PBXShellScriptBuildPhase;
			buildActionMask = 2147483647;
			files = (
			);
			inputPaths = (
			);
			name = "[CP] Copy Pods Resources";
			outputPaths = (
			);
			runOnlyForDeploymentPostprocessing = 0;
			shellPath = /bin/sh;
			shellScript = "\"${SRCROOT}/Pods/Target Support Files/Pods-wiaTests/Pods-wiaTests-resources.sh\"\n";
			showEnvVarsInLog = 0;
		};
		6ECBF2632CEAAC9D24BFFE05 /* [CP] Copy Pods Resources */ = {
			isa = PBXShellScriptBuildPhase;
			buildActionMask = 2147483647;
			files = (
			);
			inputPaths = (
			);
			name = "[CP] Copy Pods Resources";
			outputPaths = (
			);
			runOnlyForDeploymentPostprocessing = 0;
			shellPath = /bin/sh;
			shellScript = "\"${SRCROOT}/Pods/Target Support Files/Pods-wiaUITests/Pods-wiaUITests-resources.sh\"\n";
			showEnvVarsInLog = 0;
		};
		7536D518B9827E1248D8A1DD /* [CP] Embed Pods Frameworks */ = {
			isa = PBXShellScriptBuildPhase;
			buildActionMask = 2147483647;
			files = (
			);
			inputPaths = (
			);
			name = "[CP] Embed Pods Frameworks";
			outputPaths = (
			);
			runOnlyForDeploymentPostprocessing = 0;
			shellPath = /bin/sh;
			shellScript = "\"${SRCROOT}/Pods/Target Support Files/Pods-wiaUITests/Pods-wiaUITests-frameworks.sh\"\n";
			showEnvVarsInLog = 0;
		};
		9EC5AFC00ED922E363501B03 /* [CP] Check Pods Manifest.lock */ = {
			isa = PBXShellScriptBuildPhase;
			buildActionMask = 2147483647;
			files = (
			);
			inputPaths = (
			);
			name = "[CP] Check Pods Manifest.lock";
			outputPaths = (
			);
			runOnlyForDeploymentPostprocessing = 0;
			shellPath = /bin/sh;
			shellScript = "diff \"${PODS_ROOT}/../Podfile.lock\" \"${PODS_ROOT}/Manifest.lock\" > /dev/null\nif [ $? != 0 ] ; then\n    # print error to STDERR\n    echo \"error: The sandbox is not in sync with the Podfile.lock. Run 'pod install' or update your CocoaPods installation.\" >&2\n    exit 1\nfi\n";
			showEnvVarsInLog = 0;
		};
		AA6B340619E28149E8D8BD71 /* [CP] Check Pods Manifest.lock */ = {
			isa = PBXShellScriptBuildPhase;
			buildActionMask = 2147483647;
			files = (
			);
			inputPaths = (
			);
			name = "[CP] Check Pods Manifest.lock";
			outputPaths = (
			);
			runOnlyForDeploymentPostprocessing = 0;
			shellPath = /bin/sh;
			shellScript = "diff \"${PODS_ROOT}/../Podfile.lock\" \"${PODS_ROOT}/Manifest.lock\" > /dev/null\nif [ $? != 0 ] ; then\n    # print error to STDERR\n    echo \"error: The sandbox is not in sync with the Podfile.lock. Run 'pod install' or update your CocoaPods installation.\" >&2\n    exit 1\nfi\n";
			showEnvVarsInLog = 0;
		};
		D943C32243DCE093E63BE497 /* [CP] Embed Pods Frameworks */ = {
			isa = PBXShellScriptBuildPhase;
			buildActionMask = 2147483647;
			files = (
			);
			inputPaths = (
			);
			name = "[CP] Embed Pods Frameworks";
			outputPaths = (
			);
			runOnlyForDeploymentPostprocessing = 0;
			shellPath = /bin/sh;
			shellScript = "\"${SRCROOT}/Pods/Target Support Files/Pods-wia/Pods-wia-frameworks.sh\"\n";
			showEnvVarsInLog = 0;
		};
		EDEB3E571DDB2A98009A49F6 /* ShellScript */ = {
			isa = PBXShellScriptBuildPhase;
			buildActionMask = 2147483647;
			files = (
			);
			inputPaths = (
			);
			outputPaths = (
			);
			runOnlyForDeploymentPostprocessing = 0;
			shellPath = /bin/sh;
			shellScript = "\"${PODS_ROOT}/Fabric/run\" 1786cf2c7ac82b5ec8a35411f91a89dc9de11d4e 4f1012b0d0ad5ec8e15d3f60b9ab6c6fd676085e54b39ce563bf5693b07f76c2";
		};
		F4FB46F892A5A63DA14105E1 /* [CP] Check Pods Manifest.lock */ = {
			isa = PBXShellScriptBuildPhase;
			buildActionMask = 2147483647;
			files = (
			);
			inputPaths = (
			);
			name = "[CP] Check Pods Manifest.lock";
			outputPaths = (
			);
			runOnlyForDeploymentPostprocessing = 0;
			shellPath = /bin/sh;
			shellScript = "diff \"${PODS_ROOT}/../Podfile.lock\" \"${PODS_ROOT}/Manifest.lock\" > /dev/null\nif [ $? != 0 ] ; then\n    # print error to STDERR\n    echo \"error: The sandbox is not in sync with the Podfile.lock. Run 'pod install' or update your CocoaPods installation.\" >&2\n    exit 1\nfi\n";
			showEnvVarsInLog = 0;
		};
		F62B71CFF98B51E1ABBAA5EC /* [CP] Copy Pods Resources */ = {
			isa = PBXShellScriptBuildPhase;
			buildActionMask = 2147483647;
			files = (
			);
			inputPaths = (
			);
			name = "[CP] Copy Pods Resources";
			outputPaths = (
			);
			runOnlyForDeploymentPostprocessing = 0;
			shellPath = /bin/sh;
			shellScript = "\"${SRCROOT}/Pods/Target Support Files/Pods-wia/Pods-wia-resources.sh\"\n";
			showEnvVarsInLog = 0;
		};
/* End PBXShellScriptBuildPhase section */

/* Begin PBXSourcesBuildPhase section */
		EDF6D3431DD968AE000CED9D /* Sources */ = {
			isa = PBXSourcesBuildPhase;
			buildActionMask = 2147483647;
			files = (
				ED828B8A1DDDF5FE00B6BD25 /* WIACollectionViewTableViewCell.m in Sources */,
				EDB974E41DDCB5CD00CB7AD1 /* WIAAccountSetUpViewController.m in Sources */,
				EDF6D3AB1DD989A3000CED9D /* WIAImagePickerPreviewViewController.m in Sources */,
				EDA121981DDED331004E4A11 /* WIAItemPickerController.m in Sources */,
				EDA121A11DDEF5FC004E4A11 /* WIAManager.m in Sources */,
				EDB974DB1DDC5CD700CB7AD1 /* WIAPageContentViewController.m in Sources */,
				ED828B7D1DDDB30F00B6BD25 /* WIATextFieldTableViewCell.m in Sources */,
				EDF6D3551DD968AE000CED9D /* SecondViewController.m in Sources */,
				EDF6D3A51DD97357000CED9D /* WIAImagePickerController.m in Sources */,
				EDF6D3A81DD9747E000CED9D /* UIViewController+WIAImagePickerController.m in Sources */,
				EDF6D34F1DD968AE000CED9D /* AppDelegate.m in Sources */,
				EDF6D3521DD968AE000CED9D /* FirstViewController.m in Sources */,
				ED828B841DDDC87600B6BD25 /* WIARatingTableViewCell.m in Sources */,
				ED828B901DDDF92900B6BD25 /* WIAImageCollectionViewCell.m in Sources */,
				EDEB3E561DDB1A84009A49F6 /* WIAAddAndReviewViewController.m in Sources */,
				EDB974D81DDC57DA00CB7AD1 /* WIAColor.m in Sources */,
				EDB974E11DDC811A00CB7AD1 /* WIALocationViewController.m in Sources */,
				EDB974DE1DDC73E700CB7AD1 /* WIANameViewController.m in Sources */,
				EDF6D3AE1DD98B0B000CED9D /* WIAImagePickerCollectionViewCell.m in Sources */,
				EDA121931DDECCD1004E4A11 /* WIATextViewTableViewCell.m in Sources */,
				ED515FF81DDB5F28005621D0 /* WIAFirstLaunchViewController.m in Sources */,
				EDF6D34C1DD968AE000CED9D /* main.m in Sources */,
				EDA1219D1DDED85D004E4A11 /* WIASearchResultCollectionViewCell.m in Sources */,
			);
			runOnlyForDeploymentPostprocessing = 0;
		};
		EDF6D35F1DD968AE000CED9D /* Sources */ = {
			isa = PBXSourcesBuildPhase;
			buildActionMask = 2147483647;
			files = (
				EDF6D3681DD968AE000CED9D /* wiaTests.m in Sources */,
			);
			runOnlyForDeploymentPostprocessing = 0;
		};
		EDF6D36A1DD968AE000CED9D /* Sources */ = {
			isa = PBXSourcesBuildPhase;
			buildActionMask = 2147483647;
			files = (
				EDF6D3731DD968AE000CED9D /* wiaUITests.m in Sources */,
			);
			runOnlyForDeploymentPostprocessing = 0;
		};
/* End PBXSourcesBuildPhase section */

/* Begin PBXTargetDependency section */
		EDF6D3651DD968AE000CED9D /* PBXTargetDependency */ = {
			isa = PBXTargetDependency;
			target = EDF6D3461DD968AE000CED9D /* wia */;
			targetProxy = EDF6D3641DD968AE000CED9D /* PBXContainerItemProxy */;
		};
		EDF6D3701DD968AE000CED9D /* PBXTargetDependency */ = {
			isa = PBXTargetDependency;
			target = EDF6D3461DD968AE000CED9D /* wia */;
			targetProxy = EDF6D36F1DD968AE000CED9D /* PBXContainerItemProxy */;
		};
/* End PBXTargetDependency section */

/* Begin PBXVariantGroup section */
		EDF6D3561DD968AE000CED9D /* Main.storyboard */ = {
			isa = PBXVariantGroup;
			children = (
				EDF6D3571DD968AE000CED9D /* Base */,
			);
			name = Main.storyboard;
			sourceTree = "<group>";
		};
		EDF6D35B1DD968AE000CED9D /* LaunchScreen.storyboard */ = {
			isa = PBXVariantGroup;
			children = (
				EDF6D35C1DD968AE000CED9D /* Base */,
			);
			name = LaunchScreen.storyboard;
			sourceTree = "<group>";
		};
/* End PBXVariantGroup section */

/* Begin XCBuildConfiguration section */
		EDF6D3751DD968AE000CED9D /* Debug */ = {
			isa = XCBuildConfiguration;
			buildSettings = {
				ALWAYS_SEARCH_USER_PATHS = NO;
				CLANG_ANALYZER_NONNULL = YES;
				CLANG_CXX_LANGUAGE_STANDARD = "gnu++0x";
				CLANG_CXX_LIBRARY = "libc++";
				CLANG_ENABLE_MODULES = YES;
				CLANG_ENABLE_OBJC_ARC = YES;
				CLANG_WARN_BOOL_CONVERSION = YES;
				CLANG_WARN_CONSTANT_CONVERSION = YES;
				CLANG_WARN_DIRECT_OBJC_ISA_USAGE = YES_ERROR;
				CLANG_WARN_DOCUMENTATION_COMMENTS = YES;
				CLANG_WARN_EMPTY_BODY = YES;
				CLANG_WARN_ENUM_CONVERSION = YES;
				CLANG_WARN_INFINITE_RECURSION = YES;
				CLANG_WARN_INT_CONVERSION = YES;
				CLANG_WARN_OBJC_ROOT_CLASS = YES_ERROR;
				CLANG_WARN_SUSPICIOUS_MOVE = YES;
				CLANG_WARN_SUSPICIOUS_MOVES = YES;
				CLANG_WARN_UNREACHABLE_CODE = YES;
				CLANG_WARN__DUPLICATE_METHOD_MATCH = YES;
				"CODE_SIGN_IDENTITY[sdk=iphoneos*]" = "iPhone Developer";
				COPY_PHASE_STRIP = NO;
				DEBUG_INFORMATION_FORMAT = dwarf;
				ENABLE_STRICT_OBJC_MSGSEND = YES;
				ENABLE_TESTABILITY = YES;
				GCC_C_LANGUAGE_STANDARD = gnu99;
				GCC_DYNAMIC_NO_PIC = NO;
				GCC_NO_COMMON_BLOCKS = YES;
				GCC_OPTIMIZATION_LEVEL = 0;
				GCC_PREPROCESSOR_DEFINITIONS = (
					"DEBUG=1",
					"$(inherited)",
				);
				GCC_WARN_64_TO_32_BIT_CONVERSION = YES;
				GCC_WARN_ABOUT_RETURN_TYPE = YES_ERROR;
				GCC_WARN_UNDECLARED_SELECTOR = YES;
				GCC_WARN_UNINITIALIZED_AUTOS = YES_AGGRESSIVE;
				GCC_WARN_UNUSED_FUNCTION = YES;
				GCC_WARN_UNUSED_VARIABLE = YES;
				IPHONEOS_DEPLOYMENT_TARGET = 9.0;
				MTL_ENABLE_DEBUG_INFO = YES;
				ONLY_ACTIVE_ARCH = YES;
				SDKROOT = iphoneos;
			};
			name = Debug;
		};
		EDF6D3761DD968AE000CED9D /* Release */ = {
			isa = XCBuildConfiguration;
			buildSettings = {
				ALWAYS_SEARCH_USER_PATHS = NO;
				CLANG_ANALYZER_NONNULL = YES;
				CLANG_CXX_LANGUAGE_STANDARD = "gnu++0x";
				CLANG_CXX_LIBRARY = "libc++";
				CLANG_ENABLE_MODULES = YES;
				CLANG_ENABLE_OBJC_ARC = YES;
				CLANG_WARN_BOOL_CONVERSION = YES;
				CLANG_WARN_CONSTANT_CONVERSION = YES;
				CLANG_WARN_DIRECT_OBJC_ISA_USAGE = YES_ERROR;
				CLANG_WARN_DOCUMENTATION_COMMENTS = YES;
				CLANG_WARN_EMPTY_BODY = YES;
				CLANG_WARN_ENUM_CONVERSION = YES;
				CLANG_WARN_INFINITE_RECURSION = YES;
				CLANG_WARN_INT_CONVERSION = YES;
				CLANG_WARN_OBJC_ROOT_CLASS = YES_ERROR;
				CLANG_WARN_SUSPICIOUS_MOVE = YES;
				CLANG_WARN_SUSPICIOUS_MOVES = YES;
				CLANG_WARN_UNREACHABLE_CODE = YES;
				CLANG_WARN__DUPLICATE_METHOD_MATCH = YES;
				"CODE_SIGN_IDENTITY[sdk=iphoneos*]" = "iPhone Developer";
				COPY_PHASE_STRIP = NO;
				DEBUG_INFORMATION_FORMAT = "dwarf-with-dsym";
				ENABLE_NS_ASSERTIONS = NO;
				ENABLE_STRICT_OBJC_MSGSEND = YES;
				GCC_C_LANGUAGE_STANDARD = gnu99;
				GCC_NO_COMMON_BLOCKS = YES;
				GCC_WARN_64_TO_32_BIT_CONVERSION = YES;
				GCC_WARN_ABOUT_RETURN_TYPE = YES_ERROR;
				GCC_WARN_UNDECLARED_SELECTOR = YES;
				GCC_WARN_UNINITIALIZED_AUTOS = YES_AGGRESSIVE;
				GCC_WARN_UNUSED_FUNCTION = YES;
				GCC_WARN_UNUSED_VARIABLE = YES;
				IPHONEOS_DEPLOYMENT_TARGET = 9.0;
				MTL_ENABLE_DEBUG_INFO = NO;
				SDKROOT = iphoneos;
				VALIDATE_PRODUCT = YES;
			};
			name = Release;
		};
		EDF6D3781DD968AE000CED9D /* Debug */ = {
			isa = XCBuildConfiguration;
			baseConfigurationReference = CB24C4B6B70D071F4F5DFAD6 /* Pods-wia.debug.xcconfig */;
			buildSettings = {
				ASSETCATALOG_COMPILER_APPICON_NAME = AppIcon;
				CODE_SIGN_ENTITLEMENTS = wia/wia.entitlements;
				CURRENT_PROJECT_VERSION = 2;
				DEBUG_INFORMATION_FORMAT = "dwarf-with-dsym";
				DEVELOPMENT_TEAM = EDXP6Y48QS;
				INFOPLIST_FILE = wia/Info.plist;
				IPHONEOS_DEPLOYMENT_TARGET = 9.0;
				LD_RUNPATH_SEARCH_PATHS = "$(inherited) @executable_path/Frameworks";
				PRODUCT_BUNDLE_IDENTIFIER = com.whatiate.wia;
				PRODUCT_NAME = "$(TARGET_NAME)";
			};
			name = Debug;
		};
		EDF6D3791DD968AE000CED9D /* Release */ = {
			isa = XCBuildConfiguration;
			baseConfigurationReference = 80006633B2FCF128A537FC59 /* Pods-wia.release.xcconfig */;
			buildSettings = {
				ASSETCATALOG_COMPILER_APPICON_NAME = AppIcon;
				CODE_SIGN_ENTITLEMENTS = wia/wia.entitlements;
				CURRENT_PROJECT_VERSION = 2;
				DEVELOPMENT_TEAM = EDXP6Y48QS;
				INFOPLIST_FILE = wia/Info.plist;
				IPHONEOS_DEPLOYMENT_TARGET = 9.0;
				LD_RUNPATH_SEARCH_PATHS = "$(inherited) @executable_path/Frameworks";
				PRODUCT_BUNDLE_IDENTIFIER = com.whatiate.wia;
				PRODUCT_NAME = "$(TARGET_NAME)";
			};
			name = Release;
		};
		EDF6D37B1DD968AE000CED9D /* Debug */ = {
			isa = XCBuildConfiguration;
			baseConfigurationReference = 3264C65D0A98F48D049E4D00 /* Pods-wiaTests.debug.xcconfig */;
			buildSettings = {
				BUNDLE_LOADER = "$(TEST_HOST)";
				DEVELOPMENT_TEAM = EDXP6Y48QS;
				INFOPLIST_FILE = wiaTests/Info.plist;
				LD_RUNPATH_SEARCH_PATHS = "$(inherited) @executable_path/Frameworks @loader_path/Frameworks";
				PRODUCT_BUNDLE_IDENTIFIER = com.whatiate.wiaTests;
				PRODUCT_NAME = "$(TARGET_NAME)";
				TEST_HOST = "$(BUILT_PRODUCTS_DIR)/wia.app/wia";
			};
			name = Debug;
		};
		EDF6D37C1DD968AE000CED9D /* Release */ = {
			isa = XCBuildConfiguration;
			baseConfigurationReference = E9A4764B5EDBE335C69733A7 /* Pods-wiaTests.release.xcconfig */;
			buildSettings = {
				BUNDLE_LOADER = "$(TEST_HOST)";
				DEVELOPMENT_TEAM = EDXP6Y48QS;
				INFOPLIST_FILE = wiaTests/Info.plist;
				LD_RUNPATH_SEARCH_PATHS = "$(inherited) @executable_path/Frameworks @loader_path/Frameworks";
				PRODUCT_BUNDLE_IDENTIFIER = com.whatiate.wiaTests;
				PRODUCT_NAME = "$(TARGET_NAME)";
				TEST_HOST = "$(BUILT_PRODUCTS_DIR)/wia.app/wia";
			};
			name = Release;
		};
		EDF6D37E1DD968AE000CED9D /* Debug */ = {
			isa = XCBuildConfiguration;
			baseConfigurationReference = A2EEFA28FC8D92FCEDD145D0 /* Pods-wiaUITests.debug.xcconfig */;
			buildSettings = {
				DEVELOPMENT_TEAM = EDXP6Y48QS;
				INFOPLIST_FILE = wiaUITests/Info.plist;
				LD_RUNPATH_SEARCH_PATHS = "$(inherited) @executable_path/Frameworks @loader_path/Frameworks";
				PRODUCT_BUNDLE_IDENTIFIER = com.whatiate.wiaUITests;
				PRODUCT_NAME = "$(TARGET_NAME)";
				TEST_TARGET_NAME = wia;
			};
			name = Debug;
		};
		EDF6D37F1DD968AE000CED9D /* Release */ = {
			isa = XCBuildConfiguration;
			baseConfigurationReference = D3D38947710EFE240E2A6D23 /* Pods-wiaUITests.release.xcconfig */;
			buildSettings = {
				DEVELOPMENT_TEAM = EDXP6Y48QS;
				INFOPLIST_FILE = wiaUITests/Info.plist;
				LD_RUNPATH_SEARCH_PATHS = "$(inherited) @executable_path/Frameworks @loader_path/Frameworks";
				PRODUCT_BUNDLE_IDENTIFIER = com.whatiate.wiaUITests;
				PRODUCT_NAME = "$(TARGET_NAME)";
				TEST_TARGET_NAME = wia;
			};
			name = Release;
		};
/* End XCBuildConfiguration section */

/* Begin XCConfigurationList section */
		EDF6D3421DD968AE000CED9D /* Build configuration list for PBXProject "wia" */ = {
			isa = XCConfigurationList;
			buildConfigurations = (
				EDF6D3751DD968AE000CED9D /* Debug */,
				EDF6D3761DD968AE000CED9D /* Release */,
			);
			defaultConfigurationIsVisible = 0;
			defaultConfigurationName = Release;
		};
		EDF6D3771DD968AE000CED9D /* Build configuration list for PBXNativeTarget "wia" */ = {
			isa = XCConfigurationList;
			buildConfigurations = (
				EDF6D3781DD968AE000CED9D /* Debug */,
				EDF6D3791DD968AE000CED9D /* Release */,
			);
			defaultConfigurationIsVisible = 0;
			defaultConfigurationName = Release;
		};
		EDF6D37A1DD968AE000CED9D /* Build configuration list for PBXNativeTarget "wiaTests" */ = {
			isa = XCConfigurationList;
			buildConfigurations = (
				EDF6D37B1DD968AE000CED9D /* Debug */,
				EDF6D37C1DD968AE000CED9D /* Release */,
			);
			defaultConfigurationIsVisible = 0;
			defaultConfigurationName = Release;
		};
		EDF6D37D1DD968AE000CED9D /* Build configuration list for PBXNativeTarget "wiaUITests" */ = {
			isa = XCConfigurationList;
			buildConfigurations = (
				EDF6D37E1DD968AE000CED9D /* Debug */,
				EDF6D37F1DD968AE000CED9D /* Release */,
			);
			defaultConfigurationIsVisible = 0;
			defaultConfigurationName = Release;
		};
/* End XCConfigurationList section */
	};
	rootObject = EDF6D33F1DD968AE000CED9D /* Project object */;
}
